{
  "version": 4,
  "terraform_version": "0.12.1",
  "serial": 3,
  "lineage": "c6122cdf-d18e-f1fa-d0ea-bccbfaf4be93",
  "outputs": {},
  "resources": [
    {
      "mode": "managed",
      "type": "google_storage_bucket",
      "name": "state-file-storage-gcp",
      "provider": "provider.google",
      "instances": [
        {
          "schema_version": 0,
          "attributes": {
            "bucket_policy_only": false,
            "cors": [],
            "encryption": [],
            "force_destroy": false,
            "id": "gsa-demo-app-gcp",
            "labels": null,
            "lifecycle_rule": [],
            "location": "US",
            "logging": [],
            "name": "gsa-demo-app-gcp",
            "project": "gsa-demo-app",
            "requester_pays": false,
            "retention_policy": [],
            "self_link": "https://www.googleapis.com/storage/v1/b/gsa-demo-app-gcp",
            "storage_class": "STANDARD",
            "url": "gs://gsa-demo-app-gcp",
            "versioning": [
              {
                "enabled": true
              }
            ],
            "website": []
          }
        }
      ]
    },
    {
      "mode": "managed",
      "type": "google_storage_bucket",
      "name": "state-file-storage-k8s",
      "provider": "provider.google",
      "instances": [
        {
          "schema_version": 0,
          "attributes": {
            "bucket_policy_only": false,
            "cors": [],
            "encryption": [],
            "force_destroy": false,
            "id": "gsa-demo-app-k8s",
            "labels": null,
            "lifecycle_rule": [],
            "location": "US",
            "logging": [],
            "name": "gsa-demo-app-k8s",
            "project": "gsa-demo-app",
            "requester_pays": false,
            "retention_policy": [],
            "self_link": "https://www.googleapis.com/storage/v1/b/gsa-demo-app-k8s",
            "storage_class": "STANDARD",
            "url": "gs://gsa-demo-app-k8s",
            "versioning": [
              {
                "enabled": true
              }
            ],
            "website": []
          }
        }
      ]
    }
  ]
}
